{
  "name": "lm-postgres-migrations",
  "version": "0.0.4",
  "lockfileVersion": 1,
  "requires": true,
  "dependencies": {
    "@types/bluebird": {
      "version": "3.5.27",
      "resolved": "https://repo.forge.lmig.com/api/npm/npm/@types/bluebird/-/bluebird-3.5.27.tgz",
      "integrity": "sha1-YetNddxr+85Rz0num76+lBsstdA=",
      "dev": true
    },
    "@types/node": {
      "version": "8.10.54",
      "resolved": "https://repo.forge.lmig.com/api/npm/npm/@types/node/-/node-8.10.54.tgz",
      "integrity": "sha1-HIjrJTrBIQ8aWHaVP7cPfMSShAI=",
      "dev": true
    },
    "@types/pg": {
      "version": "7.11.1",
      "resolved": "https://repo.forge.lmig.com/api/npm/npm/@types/pg/-/pg-7.11.1.tgz",
      "integrity": "sha1-OwtT6L4P1EV58c29J7ZKZ6dDTgM=",
      "dev": true,
      "requires": {
        "@types/node": "8.10.54",
        "@types/pg-types": "1.11.4"
      }
    },
    "@types/pg-types": {
      "version": "1.11.4",
      "resolved": "https://repo.forge.lmig.com/api/npm/npm/@types/pg-types/-/pg-types-1.11.4.tgz",
      "integrity": "sha1-jXxZ+1Cc49yj+LrliSUgUcY5qag=",
      "dev": true,
      "requires": {
        "moment": "2.24.0"
      }
    },
    "ansi-regex": {
      "version": "2.1.1",
      "resolved": "https://repo.forge.lmig.com/api/npm/npm/ansi-regex/-/ansi-regex-2.1.1.tgz",
      "integrity": "sha1-w7M6te42DYbg5ijwRorn7yfWVN8="
    },
    "arg": {
      "version": "4.1.1",
      "resolved": "https://repo.forge.lmig.com/api/npm/npm/arg/-/arg-4.1.1.tgz",
      "integrity": "sha1-SF+OfDkM5MX3glfb6oDUvhH+2kw=",
      "dev": true
    },
    "bluebird": {
      "version": "3.5.5",
      "resolved": "https://repo.forge.lmig.com/api/npm/npm/bluebird/-/bluebird-3.5.5.tgz",
      "integrity": "sha1-qNCv1zJR7/u9X+OEp31zADwXpx8="
    },
    "buffer-from": {
      "version": "1.1.1",
      "resolved": "https://repo.forge.lmig.com/api/npm/npm/buffer-from/-/buffer-from-1.1.1.tgz",
      "integrity": "sha1-MnE7wCj3XAL9txDXx7zsHyxgcO8=",
      "dev": true
    },
    "buffer-writer": {
      "version": "2.0.0",
      "resolved": "https://repo.forge.lmig.com/api/npm/npm/buffer-writer/-/buffer-writer-2.0.0.tgz",
      "integrity": "sha1-zn64Gjj3gp2wnIc/L7t5LAyY7AQ="
    },
    "camelcase": {
      "version": "3.0.0",
      "resolved": "https://repo.forge.lmig.com/api/npm/npm/camelcase/-/camelcase-3.0.0.tgz",
      "integrity": "sha1-MvxLn82vhF/N9+c7uXysImHwqwo="
    },
    "cliui": {
      "version": "3.2.0",
      "resolved": "https://repo.forge.lmig.com/api/npm/npm/cliui/-/cliui-3.2.0.tgz",
      "integrity": "sha1-EgYBU3qRbSmUD5NNo7SNWFo5IT0=",
      "requires": {
        "string-width": "1.0.2",
        "strip-ansi": "3.0.1",
        "wrap-ansi": "2.1.0"
      }
    },
    "code-point-at": {
      "version": "1.1.0",
      "resolved": "https://repo.forge.lmig.com/api/npm/npm/code-point-at/-/code-point-at-1.1.0.tgz",
      "integrity": "sha1-DQcLTQQ6W+ozovGkDi7bPZpMz3c="
    },
    "decamelize": {
      "version": "1.2.0",
      "resolved": "https://repo.forge.lmig.com/api/npm/npm/decamelize/-/decamelize-1.2.0.tgz",
      "integrity": "sha1-9lNNFRSCabIDUue+4m9QH5oZEpA="
    },
    "diff": {
      "version": "4.0.1",
      "resolved": "https://repo.forge.lmig.com/api/npm/npm/diff/-/diff-4.0.1.tgz",
      "integrity": "sha1-DGZ8tGfru1zqfxTxNcwtuneAqP8=",
      "dev": true
    },
    "error-ex": {
      "version": "1.3.2",
      "resolved": "https://repo.forge.lmig.com/api/npm/npm/error-ex/-/error-ex-1.3.2.tgz",
      "integrity": "sha1-tKxAZIEH/c3PriQvQovqihTU8b8=",
      "requires": {
        "is-arrayish": "0.2.1"
      }
    },
    "find-up": {
      "version": "1.1.2",
      "resolved": "https://repo.forge.lmig.com/api/npm/npm/find-up/-/find-up-1.1.2.tgz",
      "integrity": "sha1-ay6YIrGizgpgq2TWEOzK1TyyTQ8=",
      "requires": {
        "path-exists": "2.1.0",
        "pinkie-promise": "2.0.1"
      }
    },
    "generic-pool": {
      "version": "2.4.3",
      "resolved": "https://repo.forge.lmig.com/api/npm/npm/generic-pool/-/generic-pool-2.4.3.tgz",
      "integrity": "sha1-eAw29p360FpaBF3Te+etyhGk9v8="
    },
    "get-caller-file": {
      "version": "1.0.3",
      "resolved": "https://repo.forge.lmig.com/api/npm/npm/get-caller-file/-/get-caller-file-1.0.3.tgz",
      "integrity": "sha1-+Xj6TJDR3+f/LWvtoqUV5xO9z0o="
    },
    "graceful-fs": {
      "version": "4.2.2",
      "resolved": "https://repo.forge.lmig.com/api/npm/npm/graceful-fs/-/graceful-fs-4.2.2.tgz",
      "integrity": "sha1-bwlSYF0BQMHP2xOO0AV3W5LWewI="
    },
    "hosted-git-info": {
      "version": "2.8.4",
      "resolved": "https://repo.forge.lmig.com/api/npm/npm/hosted-git-info/-/hosted-git-info-2.8.4.tgz",
      "integrity": "sha1-RBGauvS8ZGkqFqzjRwD+2cA+JUY="
    },
    "invert-kv": {
      "version": "1.0.0",
      "resolved": "https://repo.forge.lmig.com/api/npm/npm/invert-kv/-/invert-kv-1.0.0.tgz",
      "integrity": "sha1-EEqOSqym09jNFXqO+L+rLXo//bY="
    },
    "is-arrayish": {
      "version": "0.2.1",
      "resolved": "https://repo.forge.lmig.com/api/npm/npm/is-arrayish/-/is-arrayish-0.2.1.tgz",
      "integrity": "sha1-d8mYQFJ6qOyxqLppe4BkWnqSap0="
    },
    "is-fullwidth-code-point": {
      "version": "1.0.0",
      "resolved": "https://repo.forge.lmig.com/api/npm/npm/is-fullwidth-code-point/-/is-fullwidth-code-point-1.0.0.tgz",
      "integrity": "sha1-754xOG8DGn8NZDr4L95QxFfvAMs=",
      "requires": {
        "number-is-nan": "1.0.1"
      }
    },
    "is-utf8": {
      "version": "0.2.1",
      "resolved": "https://repo.forge.lmig.com/api/npm/npm/is-utf8/-/is-utf8-0.2.1.tgz",
      "integrity": "sha1-Sw2hRCEE0bM2NA6AeX6GXPOffXI="
    },
    "js-string-escape": {
      "version": "1.0.1",
      "resolved": "https://repo.forge.lmig.com/api/npm/npm/js-string-escape/-/js-string-escape-1.0.1.tgz",
      "integrity": "sha1-4mJbrbwNZ8dTPp7cEGjFh65BN+8="
    },
    "lcid": {
      "version": "1.0.0",
      "resolved": "https://repo.forge.lmig.com/api/npm/npm/lcid/-/lcid-1.0.0.tgz",
      "integrity": "sha1-MIrMr6C8SDo4Z7S28rlQYlHRuDU=",
      "requires": {
        "invert-kv": "1.0.0"
      }
    },
    "load-json-file": {
      "version": "1.1.0",
      "resolved": "https://repo.forge.lmig.com/api/npm/npm/load-json-file/-/load-json-file-1.1.0.tgz",
      "integrity": "sha1-lWkFcI1YtLq0wiYbBPWfMcmTdMA=",
      "requires": {
        "graceful-fs": "4.2.2",
        "parse-json": "2.2.0",
        "pify": "2.3.0",
        "pinkie-promise": "2.0.1",
        "strip-bom": "2.0.0"
      }
    },
    "lodash.assign": {
      "version": "4.2.0",
      "resolved": "https://repo.forge.lmig.com/api/npm/npm/lodash.assign/-/lodash.assign-4.2.0.tgz",
      "integrity": "sha1-DZnzzNem0mHRm9rrkkUAXShYCOc="
    },
    "make-error": {
      "version": "1.3.5",
      "resolved": "https://repo.forge.lmig.com/api/npm/npm/make-error/-/make-error-1.3.5.tgz",
      "integrity": "sha1-7+ToH22yjK3WBccPKcgxtY73dsg=",
      "dev": true
    },
    "moment": {
      "version": "2.24.0",
      "resolved": "https://repo.forge.lmig.com/api/npm/npm/moment/-/moment-2.24.0.tgz",
      "integrity": "sha1-DQVdU/UFKqZTyfbraLtdEr9cK1s=",
      "dev": true
    },
    "normalize-package-data": {
      "version": "2.5.0",
      "resolved": "https://repo.forge.lmig.com/api/npm/npm/normalize-package-data/-/normalize-package-data-2.5.0.tgz",
      "integrity": "sha1-5m2xg4sgDB38IzIl0SyzZSDiNKg=",
      "requires": {
        "hosted-git-info": "2.8.4",
        "resolve": "1.12.0",
        "semver": "4.3.2",
        "validate-npm-package-license": "3.0.4"
      }
    },
    "number-is-nan": {
      "version": "1.0.1",
      "resolved": "https://repo.forge.lmig.com/api/npm/npm/number-is-nan/-/number-is-nan-1.0.1.tgz",
      "integrity": "sha1-CXtgK1NCKlIsGvuHkDGDNpQaAR0="
    },
    "object-assign": {
      "version": "4.1.0",
      "resolved": "https://repo.forge.lmig.com/api/npm/npm/object-assign/-/object-assign-4.1.0.tgz",
      "integrity": "sha1-ejs9DpgGPUP0wD8uiubNUahog6A="
    },
    "os-locale": {
      "version": "1.4.0",
      "resolved": "https://repo.forge.lmig.com/api/npm/npm/os-locale/-/os-locale-1.4.0.tgz",
      "integrity": "sha1-IPnxeuKe00XoveWDsT0gCYA8FNk=",
      "requires": {
        "lcid": "1.0.0"
      }
    },
    "packet-reader": {
      "version": "1.0.0",
      "resolved": "https://repo.forge.lmig.com/api/npm/npm/packet-reader/-/packet-reader-1.0.0.tgz",
      "integrity": "sha1-kjjlSA3tq6z+H+PydxBj8WQVfXQ="
    },
    "parse-json": {
      "version": "2.2.0",
      "resolved": "https://repo.forge.lmig.com/api/npm/npm/parse-json/-/parse-json-2.2.0.tgz",
      "integrity": "sha1-9ID0BDTvgHQfhGkJn43qGPVaTck=",
      "requires": {
        "error-ex": "1.3.2"
      }
    },
    "path-exists": {
      "version": "2.1.0",
      "resolved": "https://repo.forge.lmig.com/api/npm/npm/path-exists/-/path-exists-2.1.0.tgz",
      "integrity": "sha1-D+tsZPD8UY2adU3V77YscCJ2H0s=",
      "requires": {
        "pinkie-promise": "2.0.1"
      }
    },
    "path-parse": {
      "version": "1.0.6",
      "resolved": "https://repo.forge.lmig.com/api/npm/npm/path-parse/-/path-parse-1.0.6.tgz",
      "integrity": "sha1-1i27VnlAXXLEc37FhgDp3c8G0kw="
    },
    "path-type": {
      "version": "1.1.0",
      "resolved": "https://repo.forge.lmig.com/api/npm/npm/path-type/-/path-type-1.1.0.tgz",
      "integrity": "sha1-WcRPfuSR2nBNpBXaWkBwuk+P5EE=",
      "requires": {
        "graceful-fs": "4.2.2",
        "pify": "2.3.0",
        "pinkie-promise": "2.0.1"
      }
    },
    "pg": {
      "version": "7.12.1",
      "resolved": "https://repo.forge.lmig.com/api/npm/npm/pg/-/pg-7.12.1.tgz",
      "integrity": "sha1-iAY21G0u++CWjmTp/g7uzo73Kn4=",
      "requires": {
        "buffer-writer": "2.0.0",
        "packet-reader": "1.0.0",
        "pg-connection-string": "0.1.3",
        "pg-pool": "2.0.7",
        "pg-types": "2.2.0",
        "pgpass": "1.0.2",
        "semver": "4.3.2"
      }
    },
    "pg-connection-string": {
      "version": "0.1.3",
      "resolved": "https://repo.forge.lmig.com/api/npm/npm/pg-connection-string/-/pg-connection-string-0.1.3.tgz",
      "integrity": "sha1-2hhHsglA5C7hSSvq9l1J2RskXfc="
    },
    "pg-int8": {
      "version": "1.0.1",
      "resolved": "https://repo.forge.lmig.com/api/npm/npm/pg-int8/-/pg-int8-1.0.1.tgz",
      "integrity": "sha1-lDvUY79bcbQXARX4D478mgwOt4w="
    },
    "pg-pool": {
      "version": "2.0.7",
      "resolved": "https://repo.forge.lmig.com/api/npm/npm/pg-pool/-/pg-pool-2.0.7.tgz",
      "integrity": "sha1-8U7KuDUHlBBiwxPfI/atzZ/QzlQ="
    },
    "pg-types": {
      "version": "2.2.0",
      "resolved": "https://repo.forge.lmig.com/api/npm/npm/pg-types/-/pg-types-2.2.0.tgz",
      "integrity": "sha1-LQJQ1jZFT3z6O2rgOC/fqAYyVKM=",
      "requires": {
        "pg-int8": "1.0.1",
        "postgres-array": "2.0.0",
        "postgres-bytea": "1.0.0",
        "postgres-date": "1.0.4",
        "postgres-interval": "1.2.0"
      }
    },
    "pgpass": {
      "version": "1.0.2",
      "resolved": "https://repo.forge.lmig.com/api/npm/npm/pgpass/-/pgpass-1.0.2.tgz",
      "integrity": "sha1-Knu0G2BltnkH6R2hsHwYR8h3swY=",
      "requires": {
        "split": "1.0.1"
      }
    },
    "pgtools": {
      "version": "0.3.0",
      "resolved": "https://repo.forge.lmig.com/api/npm/npm/pgtools/-/pgtools-0.3.0.tgz",
      "integrity": "sha1-7n3s9Bg62igpnGPfceHnPJW1vFM=",
      "requires": {
        "bluebird": "3.5.5",
        "pg": "6.4.2",
        "pg-connection-string": "0.1.3",
        "yargs": "5.0.0"
      },
      "dependencies": {
        "buffer-writer": {
          "version": "1.0.1",
          "resolved": "https://repo.forge.lmig.com/api/npm/npm/buffer-writer/-/buffer-writer-1.0.1.tgz",
          "integrity": "sha1-Iqk2kB4wKa/NdUfrRIfOtpejvwg="
        },
        "packet-reader": {
          "version": "0.3.1",
          "resolved": "https://repo.forge.lmig.com/api/npm/npm/packet-reader/-/packet-reader-0.3.1.tgz",
          "integrity": "sha1-zWLmCvjX/qinBexP+ZCHHEaHHyc="
        },
        "pg": {
          "version": "6.4.2",
          "resolved": "https://repo.forge.lmig.com/api/npm/npm/pg/-/pg-6.4.2.tgz",
          "integrity": "sha1-w2QBEGDqx6UHoq4GPrhX7OkQ4n8=",
          "requires": {
            "buffer-writer": "1.0.1",
            "js-string-escape": "1.0.1",
            "packet-reader": "0.3.1",
            "pg-connection-string": "0.1.3",
            "pg-pool": "1.8.0",
            "pg-types": "1.13.0",
            "pgpass": "1.0.2",
            "semver": "4.3.2"
          }
        },
        "pg-pool": {
          "version": "1.8.0",
          "resolved": "https://repo.forge.lmig.com/api/npm/npm/pg-pool/-/pg-pool-1.8.0.tgz",
          "integrity": "sha1-9+xzgkw3oD8Hb1G/33DjQBR8Tzc=",
          "requires": {
            "generic-pool": "2.4.3",
            "object-assign": "4.1.0"
          }
        },
        "pg-types": {
          "version": "1.13.0",
          "resolved": "https://repo.forge.lmig.com/api/npm/npm/pg-types/-/pg-types-1.13.0.tgz",
          "integrity": "sha1-dfSQuKir918Thu9exEVez2s0XGM=",
          "requires": {
            "pg-int8": "1.0.1",
            "postgres-array": "1.0.3",
            "postgres-bytea": "1.0.0",
            "postgres-date": "1.0.4",
            "postgres-interval": "1.2.0"
          }
        },
        "postgres-array": {
          "version": "1.0.3",
          "resolved": "https://repo.forge.lmig.com/api/npm/npm/postgres-array/-/postgres-array-1.0.3.tgz",
          "integrity": "sha1-xWH8OyZrIUUfxlVThPSYbXjsgPU="
        }
      }
    },
    "pify": {
      "version": "2.3.0",
      "resolved": "https://repo.forge.lmig.com/api/npm/npm/pify/-/pify-2.3.0.tgz",
      "integrity": "sha1-7RQaasBDqEnqWISY59yosVMw6Qw="
    },
    "pinkie": {
      "version": "2.0.4",
      "resolved": "https://repo.forge.lmig.com/api/npm/npm/pinkie/-/pinkie-2.0.4.tgz",
      "integrity": "sha1-clVrgM+g1IqXToDnckjoDtT3+HA="
    },
    "pinkie-promise": {
      "version": "2.0.1",
      "resolved": "https://repo.forge.lmig.com/api/npm/npm/pinkie-promise/-/pinkie-promise-2.0.1.tgz",
      "integrity": "sha1-ITXW36ejWMBprJsXh3YogihFD/o=",
      "requires": {
        "pinkie": "2.0.4"
      }
    },
    "postgres-array": {
      "version": "2.0.0",
      "resolved": "https://repo.forge.lmig.com/api/npm/npm/postgres-array/-/postgres-array-2.0.0.tgz",
      "integrity": "sha1-SPj84FT7xpZxmZMpuINLdyZS2C4="
    },
    "postgres-bytea": {
      "version": "1.0.0",
      "resolved": "https://repo.forge.lmig.com/api/npm/npm/postgres-bytea/-/postgres-bytea-1.0.0.tgz",
      "integrity": "sha1-AntTPAqokOJtFy1Hz5zOzFIazTU="
    },
    "postgres-date": {
      "version": "1.0.4",
      "resolved": "https://repo.forge.lmig.com/api/npm/npm/postgres-date/-/postgres-date-1.0.4.tgz",
      "integrity": "sha1-HCco1i7xv/SavdNcH4bUvfEYpyg="
    },
    "postgres-interval": {
      "version": "1.2.0",
      "resolved": "https://repo.forge.lmig.com/api/npm/npm/postgres-interval/-/postgres-interval-1.2.0.tgz",
      "integrity": "sha1-tGDILLFYdQd4iBmgaqD//bNURpU=",
      "requires": {
        "xtend": "4.0.2"
      }
    },
    "read-pkg": {
      "version": "1.1.0",
      "resolved": "https://repo.forge.lmig.com/api/npm/npm/read-pkg/-/read-pkg-1.1.0.tgz",
      "integrity": "sha1-9f+qXs0pyzHAR0vKfXVra7KePyg=",
      "requires": {
        "load-json-file": "1.1.0",
        "normalize-package-data": "2.5.0",
        "path-type": "1.1.0"
      }
    },
    "read-pkg-up": {
      "version": "1.0.1",
      "resolved": "https://repo.forge.lmig.com/api/npm/npm/read-pkg-up/-/read-pkg-up-1.0.1.tgz",
      "integrity": "sha1-nWPBMnbAZZGNV/ACpX9AobZD+wI=",
      "requires": {
        "find-up": "1.1.2",
        "read-pkg": "1.1.0"
      }
    },
    "require-directory": {
      "version": "2.1.1",
      "resolved": "https://repo.forge.lmig.com/api/npm/npm/require-directory/-/require-directory-2.1.1.tgz",
      "integrity": "sha1-jGStX9MNqxyXbiNE/+f3kqam30I="
    },
    "require-main-filename": {
      "version": "1.0.1",
      "resolved": "https://repo.forge.lmig.com/api/npm/npm/require-main-filename/-/require-main-filename-1.0.1.tgz",
      "integrity": "sha1-l/cXtp1IeE9fUmpsWqj/3aBVpNE="
    },
    "resolve": {
      "version": "1.12.0",
      "resolved": "https://repo.forge.lmig.com/api/npm/npm/resolve/-/resolve-1.12.0.tgz",
      "integrity": "sha1-P8ZEo1yEpIVUYJ/ybsUrZvpXffY=",
      "requires": {
        "path-parse": "1.0.6"
      }
    },
    "semver": {
      "version": "4.3.2",
      "resolved": "https://repo.forge.lmig.com/api/npm/npm/semver/-/semver-4.3.2.tgz",
      "integrity": "sha1-x6BxWKgL7dBSNVt3DYLWZA+AO+c="
    },
    "set-blocking": {
      "version": "2.0.0",
      "resolved": "https://repo.forge.lmig.com/api/npm/npm/set-blocking/-/set-blocking-2.0.0.tgz",
      "integrity": "sha1-BF+XgtARrppoA93TgrJDkrPYkPc="
    },
    "source-map": {
      "version": "0.6.1",
      "resolved": "https://repo.forge.lmig.com/api/npm/npm/source-map/-/source-map-0.6.1.tgz",
      "integrity": "sha1-dHIq8y6WFOnCh6jQu95IteLxomM=",
      "dev": true
    },
    "source-map-support": {
      "version": "0.5.13",
      "resolved": "https://repo.forge.lmig.com/api/npm/npm/source-map-support/-/source-map-support-0.5.13.tgz",
      "integrity": "sha1-MbJKnC5zwt6FBmwP631Edn7VKTI=",
      "dev": true,
      "requires": {
        "buffer-from": "1.1.1",
        "source-map": "0.6.1"
      }
    },
    "spdx-correct": {
      "version": "3.1.0",
      "resolved": "https://repo.forge.lmig.com/api/npm/npm/spdx-correct/-/spdx-correct-3.1.0.tgz",
      "integrity": "sha1-+4PlBERSaPFUsHTiGMh8ADzTHfQ=",
      "requires": {
        "spdx-expression-parse": "3.0.0",
        "spdx-license-ids": "3.0.5"
      }
    },
    "spdx-exceptions": {
      "version": "2.2.0",
      "resolved": "https://repo.forge.lmig.com/api/npm/npm/spdx-exceptions/-/spdx-exceptions-2.2.0.tgz",
      "integrity": "sha1-LqRQrudPKom/uUUZwH/Nb0EyKXc="
    },
    "spdx-expression-parse": {
      "version": "3.0.0",
      "resolved": "https://repo.forge.lmig.com/api/npm/npm/spdx-expression-parse/-/spdx-expression-parse-3.0.0.tgz",
      "integrity": "sha1-meEZt6XaAOBUkcn6M4t5BII7QdA=",
      "requires": {
        "spdx-exceptions": "2.2.0",
        "spdx-license-ids": "3.0.5"
      }
    },
    "spdx-license-ids": {
      "version": "3.0.5",
      "resolved": "https://repo.forge.lmig.com/api/npm/npm/spdx-license-ids/-/spdx-license-ids-3.0.5.tgz",
      "integrity": "sha1-NpS1gEVnpFjTyARYQqY1hjL2JlQ="
    },
    "split": {
      "version": "1.0.1",
      "resolved": "https://repo.forge.lmig.com/api/npm/npm/split/-/split-1.0.1.tgz",
      "integrity": "sha1-YFvZvjA6pZ+zX5Ip++oN3snqB9k=",
      "requires": {
        "through": "2.3.8"
      }
    },
    "sql-template-strings": {
      "version": "2.2.2",
      "resolved": "https://repo.forge.lmig.com/api/npm/npm/sql-template-strings/-/sql-template-strings-2.2.2.tgz",
      "integrity": "sha1-PxFQiiWt384hejBCqdMAwxk7lv8="
    },
    "string-width": {
      "version": "1.0.2",
      "resolved": "https://repo.forge.lmig.com/api/npm/npm/string-width/-/string-width-1.0.2.tgz",
      "integrity": "sha1-EYvfW4zcUaKn5w0hHgfisLmxB9M=",
      "requires": {
        "code-point-at": "1.1.0",
        "is-fullwidth-code-point": "1.0.0",
        "strip-ansi": "3.0.1"
      }
    },
    "strip-ansi": {
      "version": "3.0.1",
      "resolved": "https://repo.forge.lmig.com/api/npm/npm/strip-ansi/-/strip-ansi-3.0.1.tgz",
      "integrity": "sha1-ajhfuIU9lS1f8F0Oiq+UJ43GPc8=",
      "requires": {
        "ansi-regex": "2.1.1"
      }
    },
    "strip-bom": {
      "version": "2.0.0",
      "resolved": "https://repo.forge.lmig.com/api/npm/npm/strip-bom/-/strip-bom-2.0.0.tgz",
      "integrity": "sha1-YhmoVhZSBJHzV4i9vxRHqZx+aw4=",
      "requires": {
        "is-utf8": "0.2.1"
      }
    },
    "through": {
      "version": "2.3.8",
      "resolved": "https://repo.forge.lmig.com/api/npm/npm/through/-/through-2.3.8.tgz",
      "integrity": "sha1-DdTJ/6q8NXlgsbckEV1+Doai4fU="
    },
    "ts-node": {
      "version": "8.4.1",
      "resolved": "https://repo.forge.lmig.com/api/npm/npm/ts-node/-/ts-node-8.4.1.tgz",
      "integrity": "sha1-JwsNuhbocjyfpPm0d104EP2ZS08=",
      "dev": true,
      "requires": {
        "arg": "4.1.1",
        "diff": "4.0.1",
        "make-error": "1.3.5",
        "source-map-support": "0.5.13",
        "yn": "3.1.1"
      }
    },
    "typescript": {
      "version": "3.6.3",
      "resolved": "https://repo.forge.lmig.com/api/npm/npm/typescript/-/typescript-3.6.3.tgz",
      "integrity": "sha1-/qlC+rsg9+HKcWT/Ym8anz9wtNo=",
      "dev": true
    },
    "validate-npm-package-license": {
      "version": "3.0.4",
      "resolved": "https://repo.forge.lmig.com/api/npm/npm/validate-npm-package-license/-/validate-npm-package-license-3.0.4.tgz",
      "integrity": "sha1-/JH2uce6FchX9MssXe/uw51PQQo=",
      "requires": {
        "spdx-correct": "3.1.0",
        "spdx-expression-parse": "3.0.0"
      }
    },
    "which-module": {
      "version": "1.0.0",
      "resolved": "https://repo.forge.lmig.com/api/npm/npm/which-module/-/which-module-1.0.0.tgz",
      "integrity": "sha1-u6Y8qGGUiZT/MHc2CJ47lgJsKk8="
    },
    "window-size": {
      "version": "0.2.0",
      "resolved": "https://repo.forge.lmig.com/api/npm/npm/window-size/-/window-size-0.2.0.tgz",
      "integrity": "sha1-tDFbtCFKPXBY6+7okuE/ok2YsHU="
    },
    "wrap-ansi": {
      "version": "2.1.0",
      "resolved": "https://repo.forge.lmig.com/api/npm/npm/wrap-ansi/-/wrap-ansi-2.1.0.tgz",
      "integrity": "sha1-2Pw9KE3QV5T+hJc8rs3Rz4JP3YU=",
      "requires": {
        "string-width": "1.0.2",
        "strip-ansi": "3.0.1"
      }
    },
    "xtend": {
      "version": "4.0.2",
      "resolved": "https://repo.forge.lmig.com/api/npm/npm/xtend/-/xtend-4.0.2.tgz",
      "integrity": "sha1-u3J3n1+kZRhrH0OPZ0+jR/2121Q="
    },
    "y18n": {
      "version": "3.2.1",
      "resolved": "https://repo.forge.lmig.com/api/npm/npm/y18n/-/y18n-3.2.1.tgz",
      "integrity": "sha1-bRX7qITAhnnA136I53WegR4H+kE="
    },
    "yargs": {
      "version": "5.0.0",
      "resolved": "https://repo.forge.lmig.com/api/npm/npm/yargs/-/yargs-5.0.0.tgz",
      "integrity": "sha1-M1UUSXfQV1fbuG1uOOwFYSOzpm4=",
      "requires": {
        "cliui": "3.2.0",
        "decamelize": "1.2.0",
        "get-caller-file": "1.0.3",
        "lodash.assign": "4.2.0",
        "os-locale": "1.4.0",
        "read-pkg-up": "1.0.1",
        "require-directory": "2.1.1",
        "require-main-filename": "1.0.1",
        "set-blocking": "2.0.0",
        "string-width": "1.0.2",
        "which-module": "1.0.0",
        "window-size": "0.2.0",
        "y18n": "3.2.1",
        "yargs-parser": "3.2.0"
      }
    },
    "yargs-parser": {
      "version": "3.2.0",
      "resolved": "https://repo.forge.lmig.com/api/npm/npm/yargs-parser/-/yargs-parser-3.2.0.tgz",
      "integrity": "sha1-UIE1XRnZ0MjF2BrakIy05tGGZk8=",
      "requires": {
        "camelcase": "3.0.0",
        "lodash.assign": "4.2.0"
      }
    },
    "yn": {
      "version": "3.1.1",
      "resolved": "https://repo.forge.lmig.com/api/npm/npm/yn/-/yn-3.1.1.tgz",
      "integrity": "sha1-HodAGgnXZ8HV6rJqbkwYUYLS61A=",
      "dev": true
    }
  }
}
